// !$*UTF8*$!
{
	archiveVersion = 1;
	classes = {
	};
	objectVersion = 50;
	objects = {

/* Begin PBXBuildFile section */
		4E11FDFD21EC3B16008728CA /* DataModel.xcdatamodeld in Sources */ = {isa = PBXBuildFile; fileRef = 4E11FDFB21EC3B16008728CA /* DataModel.xcdatamodeld */; };
		4E524B3521E88CCC0057DBB6 /* FeedCell.swift in Sources */ = {isa = PBXBuildFile; fileRef = 4E524B3421E88CCC0057DBB6 /* FeedCell.swift */; };
		4E640A4021EC5D04009BFFC0 /* FavoriteViewController.swift in Sources */ = {isa = PBXBuildFile; fileRef = 4E640A3F21EC5D04009BFFC0 /* FavoriteViewController.swift */; };
		4EA2447821B6A68B005165CC /* WebViewController.swift in Sources */ = {isa = PBXBuildFile; fileRef = 4EA2447721B6A68B005165CC /* WebViewController.swift */; };
		4EA2447A21B6AEB5005165CC /* NewsItem.swift in Sources */ = {isa = PBXBuildFile; fileRef = 4EA2447921B6AEB5005165CC /* NewsItem.swift */; };
		4EA2447C21B6B041005165CC /* NewsItemStore.swift in Sources */ = {isa = PBXBuildFile; fileRef = 4EA2447B21B6B041005165CC /* NewsItemStore.swift */; };
		4EAC8AF521B9103D00D66348 /* RSSParserDelegate.swift in Sources */ = {isa = PBXBuildFile; fileRef = 4EAC8AF421B9103D00D66348 /* RSSParserDelegate.swift */; };
		4ED6868F21B4EA21003EA8CD /* AppDelegate.swift in Sources */ = {isa = PBXBuildFile; fileRef = 4ED6868E21B4EA21003EA8CD /* AppDelegate.swift */; };
		4ED6869121B4EA21003EA8CD /* FeedsViewController.swift in Sources */ = {isa = PBXBuildFile; fileRef = 4ED6869021B4EA21003EA8CD /* FeedsViewController.swift */; };
		4ED6869421B4EA21003EA8CD /* Main.storyboard in Resources */ = {isa = PBXBuildFile; fileRef = 4ED6869221B4EA21003EA8CD /* Main.storyboard */; };
		4ED6869621B4EA22003EA8CD /* Assets.xcassets in Resources */ = {isa = PBXBuildFile; fileRef = 4ED6869521B4EA22003EA8CD /* Assets.xcassets */; };
		4ED6869921B4EA22003EA8CD /* LaunchScreen.storyboard in Resources */ = {isa = PBXBuildFile; fileRef = 4ED6869721B4EA22003EA8CD /* LaunchScreen.storyboard */; };
		4ED686A421B4EA22003EA8CD /* ReadingHeadlinesTests.swift in Sources */ = {isa = PBXBuildFile; fileRef = 4ED686A321B4EA22003EA8CD /* ReadingHeadlinesTests.swift */; };
		4ED686AF21B4EA22003EA8CD /* ReadingHeadlinesUITests.swift in Sources */ = {isa = PBXBuildFile; fileRef = 4ED686AE21B4EA22003EA8CD /* ReadingHeadlinesUITests.swift */; };
		4ED9AFE221BE57F000FE1AD1 /* ReadingViewController.swift in Sources */ = {isa = PBXBuildFile; fileRef = 4ED9AFE121BE57F000FE1AD1 /* ReadingViewController.swift */; };
		4EF3256C21F43FEF00647A08 /* CombineViewController.swift in Sources */ = {isa = PBXBuildFile; fileRef = 4EF3256B21F43FEF00647A08 /* CombineViewController.swift */; };
		BC1EB73ACDF3B106C9F39304 /* Pods_ReadingHeadlinesTests.framework in Frameworks */ = {isa = PBXBuildFile; fileRef = 6870703FA44740D19C7E9335 /* Pods_ReadingHeadlinesTests.framework */; };
		C43B85B865A7C9286AD36F8B /* Pods_ReadingHeadlinesUITests.framework in Frameworks */ = {isa = PBXBuildFile; fileRef = 66E86DC3FF90037D194E9F45 /* Pods_ReadingHeadlinesUITests.framework */; };
		F2588F616CFA3382043EC5D7 /* Pods_ReadingHeadlines.framework in Frameworks */ = {isa = PBXBuildFile; fileRef = B759AFDAA3C58981374CE604 /* Pods_ReadingHeadlines.framework */; };
/* End PBXBuildFile section */

/* Begin PBXContainerItemProxy section */
		4ED686A021B4EA22003EA8CD /* PBXContainerItemProxy */ = {
			isa = PBXContainerItemProxy;
			containerPortal = 4ED6868321B4EA21003EA8CD /* Project object */;
			proxyType = 1;
			remoteGlobalIDString = 4ED6868A21B4EA21003EA8CD;
			remoteInfo = ReadingHeadlines;
		};
		4ED686AB21B4EA22003EA8CD /* PBXContainerItemProxy */ = {
			isa = PBXContainerItemProxy;
			containerPortal = 4ED6868321B4EA21003EA8CD /* Project object */;
			proxyType = 1;
			remoteGlobalIDString = 4ED6868A21B4EA21003EA8CD;
			remoteInfo = ReadingHeadlines;
		};
/* End PBXContainerItemProxy section */

/* Begin PBXFileReference section */
		1871F2EFC2908DBEF9D9B313 /* Pods-ReadingHeadlines.debug.xcconfig */ = {isa = PBXFileReference; includeInIndex = 1; lastKnownFileType = text.xcconfig; name = "Pods-ReadingHeadlines.debug.xcconfig"; path = "Pods/Target Support Files/Pods-ReadingHeadlines/Pods-ReadingHeadlines.debug.xcconfig"; sourceTree = "<group>"; };
		2E2B64038FFA10BD18349935 /* Pods-ReadingHeadlines.release.xcconfig */ = {isa = PBXFileReference; includeInIndex = 1; lastKnownFileType = text.xcconfig; name = "Pods-ReadingHeadlines.release.xcconfig"; path = "Pods/Target Support Files/Pods-ReadingHeadlines/Pods-ReadingHeadlines.release.xcconfig"; sourceTree = "<group>"; };
		4E11FDFC21EC3B16008728CA /* DataModel.xcdatamodel */ = {isa = PBXFileReference; lastKnownFileType = wrapper.xcdatamodel; path = DataModel.xcdatamodel; sourceTree = "<group>"; };
		4E524B3421E88CCC0057DBB6 /* FeedCell.swift */ = {isa = PBXFileReference; lastKnownFileType = sourcecode.swift; path = FeedCell.swift; sourceTree = "<group>"; };
		4E640A3F21EC5D04009BFFC0 /* FavoriteViewController.swift */ = {isa = PBXFileReference; lastKnownFileType = sourcecode.swift; path = FavoriteViewController.swift; sourceTree = "<group>"; };
		4EA2447721B6A68B005165CC /* WebViewController.swift */ = {isa = PBXFileReference; lastKnownFileType = sourcecode.swift; path = WebViewController.swift; sourceTree = "<group>"; };
		4EA2447921B6AEB5005165CC /* NewsItem.swift */ = {isa = PBXFileReference; lastKnownFileType = sourcecode.swift; path = NewsItem.swift; sourceTree = "<group>"; };
		4EA2447B21B6B041005165CC /* NewsItemStore.swift */ = {isa = PBXFileReference; lastKnownFileType = sourcecode.swift; path = NewsItemStore.swift; sourceTree = "<group>"; };
		4EAC8AF421B9103D00D66348 /* RSSParserDelegate.swift */ = {isa = PBXFileReference; lastKnownFileType = sourcecode.swift; path = RSSParserDelegate.swift; sourceTree = "<group>"; };
		4ED6868B21B4EA21003EA8CD /* ReadingHeadlines.app */ = {isa = PBXFileReference; explicitFileType = wrapper.application; includeInIndex = 0; path = ReadingHeadlines.app; sourceTree = BUILT_PRODUCTS_DIR; };
		4ED6868E21B4EA21003EA8CD /* AppDelegate.swift */ = {isa = PBXFileReference; lastKnownFileType = sourcecode.swift; path = AppDelegate.swift; sourceTree = "<group>"; };
		4ED6869021B4EA21003EA8CD /* FeedsViewController.swift */ = {isa = PBXFileReference; lastKnownFileType = sourcecode.swift; path = FeedsViewController.swift; sourceTree = "<group>"; };
		4ED6869321B4EA21003EA8CD /* Base */ = {isa = PBXFileReference; lastKnownFileType = file.storyboard; name = Base; path = Base.lproj/Main.storyboard; sourceTree = "<group>"; };
		4ED6869521B4EA22003EA8CD /* Assets.xcassets */ = {isa = PBXFileReference; lastKnownFileType = folder.assetcatalog; path = Assets.xcassets; sourceTree = "<group>"; };
		4ED6869821B4EA22003EA8CD /* Base */ = {isa = PBXFileReference; lastKnownFileType = file.storyboard; name = Base; path = Base.lproj/LaunchScreen.storyboard; sourceTree = "<group>"; };
		4ED6869A21B4EA22003EA8CD /* Info.plist */ = {isa = PBXFileReference; lastKnownFileType = text.plist.xml; path = Info.plist; sourceTree = "<group>"; };
		4ED6869F21B4EA22003EA8CD /* ReadingHeadlinesTests.xctest */ = {isa = PBXFileReference; explicitFileType = wrapper.cfbundle; includeInIndex = 0; path = ReadingHeadlinesTests.xctest; sourceTree = BUILT_PRODUCTS_DIR; };
		4ED686A321B4EA22003EA8CD /* ReadingHeadlinesTests.swift */ = {isa = PBXFileReference; lastKnownFileType = sourcecode.swift; path = ReadingHeadlinesTests.swift; sourceTree = "<group>"; };
		4ED686A521B4EA22003EA8CD /* Info.plist */ = {isa = PBXFileReference; lastKnownFileType = text.plist.xml; path = Info.plist; sourceTree = "<group>"; };
		4ED686AA21B4EA22003EA8CD /* ReadingHeadlinesUITests.xctest */ = {isa = PBXFileReference; explicitFileType = wrapper.cfbundle; includeInIndex = 0; path = ReadingHeadlinesUITests.xctest; sourceTree = BUILT_PRODUCTS_DIR; };
		4ED686AE21B4EA22003EA8CD /* ReadingHeadlinesUITests.swift */ = {isa = PBXFileReference; lastKnownFileType = sourcecode.swift; path = ReadingHeadlinesUITests.swift; sourceTree = "<group>"; };
		4ED686B021B4EA22003EA8CD /* Info.plist */ = {isa = PBXFileReference; lastKnownFileType = text.plist.xml; path = Info.plist; sourceTree = "<group>"; };
		4ED9AFE121BE57F000FE1AD1 /* ReadingViewController.swift */ = {isa = PBXFileReference; lastKnownFileType = sourcecode.swift; path = ReadingViewController.swift; sourceTree = "<group>"; };
		4EF3256B21F43FEF00647A08 /* CombineViewController.swift */ = {isa = PBXFileReference; lastKnownFileType = sourcecode.swift; path = CombineViewController.swift; sourceTree = "<group>"; };
		66E86DC3FF90037D194E9F45 /* Pods_ReadingHeadlinesUITests.framework */ = {isa = PBXFileReference; explicitFileType = wrapper.framework; includeInIndex = 0; path = Pods_ReadingHeadlinesUITests.framework; sourceTree = BUILT_PRODUCTS_DIR; };
		6870703FA44740D19C7E9335 /* Pods_ReadingHeadlinesTests.framework */ = {isa = PBXFileReference; explicitFileType = wrapper.framework; includeInIndex = 0; path = Pods_ReadingHeadlinesTests.framework; sourceTree = BUILT_PRODUCTS_DIR; };
		A40287998DC505E046CB940A /* Pods-ReadingHeadlinesUITests.debug.xcconfig */ = {isa = PBXFileReference; includeInIndex = 1; lastKnownFileType = text.xcconfig; name = "Pods-ReadingHeadlinesUITests.debug.xcconfig"; path = "Pods/Target Support Files/Pods-ReadingHeadlinesUITests/Pods-ReadingHeadlinesUITests.debug.xcconfig"; sourceTree = "<group>"; };
		B759AFDAA3C58981374CE604 /* Pods_ReadingHeadlines.framework */ = {isa = PBXFileReference; explicitFileType = wrapper.framework; includeInIndex = 0; path = Pods_ReadingHeadlines.framework; sourceTree = BUILT_PRODUCTS_DIR; };
		C2754583A6C3A7FE3A5F6317 /* Pods-ReadingHeadlinesTests.debug.xcconfig */ = {isa = PBXFileReference; includeInIndex = 1; lastKnownFileType = text.xcconfig; name = "Pods-ReadingHeadlinesTests.debug.xcconfig"; path = "Pods/Target Support Files/Pods-ReadingHeadlinesTests/Pods-ReadingHeadlinesTests.debug.xcconfig"; sourceTree = "<group>"; };
		DE530DA20A81C2ED4EA6F964 /* Pods-ReadingHeadlinesUITests.release.xcconfig */ = {isa = PBXFileReference; includeInIndex = 1; lastKnownFileType = text.xcconfig; name = "Pods-ReadingHeadlinesUITests.release.xcconfig"; path = "Pods/Target Support Files/Pods-ReadingHeadlinesUITests/Pods-ReadingHeadlinesUITests.release.xcconfig"; sourceTree = "<group>"; };
		E6FD4F961D2E9DE663E0D461 /* Pods-ReadingHeadlinesTests.release.xcconfig */ = {isa = PBXFileReference; includeInIndex = 1; lastKnownFileType = text.xcconfig; name = "Pods-ReadingHeadlinesTests.release.xcconfig"; path = "Pods/Target Support Files/Pods-ReadingHeadlinesTests/Pods-ReadingHeadlinesTests.release.xcconfig"; sourceTree = "<group>"; };
/* End PBXFileReference section */

/* Begin PBXFrameworksBuildPhase section */
		4ED6868821B4EA21003EA8CD /* Frameworks */ = {
			isa = PBXFrameworksBuildPhase;
			buildActionMask = 2147483647;
			files = (
				F2588F616CFA3382043EC5D7 /* Pods_ReadingHeadlines.framework in Frameworks */,
			);
			runOnlyForDeploymentPostprocessing = 0;
		};
		4ED6869C21B4EA22003EA8CD /* Frameworks */ = {
			isa = PBXFrameworksBuildPhase;
			buildActionMask = 2147483647;
			files = (
				BC1EB73ACDF3B106C9F39304 /* Pods_ReadingHeadlinesTests.framework in Frameworks */,
			);
			runOnlyForDeploymentPostprocessing = 0;
		};
		4ED686A721B4EA22003EA8CD /* Frameworks */ = {
			isa = PBXFrameworksBuildPhase;
			buildActionMask = 2147483647;
			files = (
				C43B85B865A7C9286AD36F8B /* Pods_ReadingHeadlinesUITests.framework in Frameworks */,
			);
			runOnlyForDeploymentPostprocessing = 0;
		};
/* End PBXFrameworksBuildPhase section */

/* Begin PBXGroup section */
		408EB3D2F9E9A2B763BBD44E /* Frameworks */ = {
			isa = PBXGroup;
			children = (
				B759AFDAA3C58981374CE604 /* Pods_ReadingHeadlines.framework */,
				6870703FA44740D19C7E9335 /* Pods_ReadingHeadlinesTests.framework */,
				66E86DC3FF90037D194E9F45 /* Pods_ReadingHeadlinesUITests.framework */,
			);
			name = Frameworks;
			sourceTree = "<group>";
		};
		41B22D85E9E4D833B3C94690 /* Pods */ = {
			isa = PBXGroup;
			children = (
				1871F2EFC2908DBEF9D9B313 /* Pods-ReadingHeadlines.debug.xcconfig */,
				2E2B64038FFA10BD18349935 /* Pods-ReadingHeadlines.release.xcconfig */,
				C2754583A6C3A7FE3A5F6317 /* Pods-ReadingHeadlinesTests.debug.xcconfig */,
				E6FD4F961D2E9DE663E0D461 /* Pods-ReadingHeadlinesTests.release.xcconfig */,
				A40287998DC505E046CB940A /* Pods-ReadingHeadlinesUITests.debug.xcconfig */,
				DE530DA20A81C2ED4EA6F964 /* Pods-ReadingHeadlinesUITests.release.xcconfig */,
			);
			name = Pods;
			sourceTree = "<group>";
		};
		4E640A4121EC6706009BFFC0 /* Controller */ = {
			isa = PBXGroup;
			children = (
				4EF3256B21F43FEF00647A08 /* CombineViewController.swift */,
				4ED9AFE121BE57F000FE1AD1 /* ReadingViewController.swift */,
				4ED6869021B4EA21003EA8CD /* FeedsViewController.swift */,
				4EA2447721B6A68B005165CC /* WebViewController.swift */,
				4E640A3F21EC5D04009BFFC0 /* FavoriteViewController.swift */,
			);
			path = Controller;
			sourceTree = "<group>";
		};
		4E640A4221EC6739009BFFC0 /* Model */ = {
			isa = PBXGroup;
			children = (
				4EA2447921B6AEB5005165CC /* NewsItem.swift */,
				4EA2447B21B6B041005165CC /* NewsItemStore.swift */,
				4EAC8AF421B9103D00D66348 /* RSSParserDelegate.swift */,
				4E11FDFB21EC3B16008728CA /* DataModel.xcdatamodeld */,
			);
			path = Model;
			sourceTree = "<group>";
		};
		4E640A4321EC6779009BFFC0 /* View */ = {
			isa = PBXGroup;
			children = (
				4E524B3421E88CCC0057DBB6 /* FeedCell.swift */,
				4ED6869221B4EA21003EA8CD /* Main.storyboard */,
			);
			path = View;
			sourceTree = "<group>";
		};
		4ED6868221B4EA21003EA8CD = {
			isa = PBXGroup;
			children = (
				4ED6868D21B4EA21003EA8CD /* ReadingHeadlines */,
				4ED686A221B4EA22003EA8CD /* ReadingHeadlinesTests */,
				4ED686AD21B4EA22003EA8CD /* ReadingHeadlinesUITests */,
				4ED6868C21B4EA21003EA8CD /* Products */,
				41B22D85E9E4D833B3C94690 /* Pods */,
				408EB3D2F9E9A2B763BBD44E /* Frameworks */,
			);
			sourceTree = "<group>";
		};
		4ED6868C21B4EA21003EA8CD /* Products */ = {
			isa = PBXGroup;
			children = (
				4ED6868B21B4EA21003EA8CD /* ReadingHeadlines.app */,
				4ED6869F21B4EA22003EA8CD /* ReadingHeadlinesTests.xctest */,
				4ED686AA21B4EA22003EA8CD /* ReadingHeadlinesUITests.xctest */,
			);
			name = Products;
			sourceTree = "<group>";
		};
		4ED6868D21B4EA21003EA8CD /* ReadingHeadlines */ = {
			isa = PBXGroup;
			children = (
				4ED6868E21B4EA21003EA8CD /* AppDelegate.swift */,
				4E640A4321EC6779009BFFC0 /* View */,
				4E640A4121EC6706009BFFC0 /* Controller */,
				4E640A4221EC6739009BFFC0 /* Model */,
				4ED6869521B4EA22003EA8CD /* Assets.xcassets */,
				4ED6869721B4EA22003EA8CD /* LaunchScreen.storyboard */,
				4ED6869A21B4EA22003EA8CD /* Info.plist */,
			);
			path = ReadingHeadlines;
			sourceTree = "<group>";
		};
		4ED686A221B4EA22003EA8CD /* ReadingHeadlinesTests */ = {
			isa = PBXGroup;
			children = (
				4ED686A321B4EA22003EA8CD /* ReadingHeadlinesTests.swift */,
				4ED686A521B4EA22003EA8CD /* Info.plist */,
			);
			path = ReadingHeadlinesTests;
			sourceTree = "<group>";
		};
		4ED686AD21B4EA22003EA8CD /* ReadingHeadlinesUITests */ = {
			isa = PBXGroup;
			children = (
				4ED686AE21B4EA22003EA8CD /* ReadingHeadlinesUITests.swift */,
				4ED686B021B4EA22003EA8CD /* Info.plist */,
			);
			path = ReadingHeadlinesUITests;
			sourceTree = "<group>";
		};
/* End PBXGroup section */

/* Begin PBXNativeTarget section */
		4ED6868A21B4EA21003EA8CD /* ReadingHeadlines */ = {
			isa = PBXNativeTarget;
			buildConfigurationList = 4ED686B321B4EA22003EA8CD /* Build configuration list for PBXNativeTarget "ReadingHeadlines" */;
			buildPhases = (
				03173917536095A45096B3A7 /* [CP] Check Pods Manifest.lock */,
				4ED6868721B4EA21003EA8CD /* Sources */,
				4ED6868821B4EA21003EA8CD /* Frameworks */,
				4ED6868921B4EA21003EA8CD /* Resources */,
			);
			buildRules = (
			);
			dependencies = (
			);
			name = ReadingHeadlines;
			productName = ReadingHeadlines;
			productReference = 4ED6868B21B4EA21003EA8CD /* ReadingHeadlines.app */;
			productType = "com.apple.product-type.application";
		};
		4ED6869E21B4EA22003EA8CD /* ReadingHeadlinesTests */ = {
			isa = PBXNativeTarget;
			buildConfigurationList = 4ED686B621B4EA22003EA8CD /* Build configuration list for PBXNativeTarget "ReadingHeadlinesTests" */;
			buildPhases = (
				F40DEF147E84344AB7457825 /* [CP] Check Pods Manifest.lock */,
				4ED6869B21B4EA22003EA8CD /* Sources */,
				4ED6869C21B4EA22003EA8CD /* Frameworks */,
				4ED6869D21B4EA22003EA8CD /* Resources */,
			);
			buildRules = (
			);
			dependencies = (
				4ED686A121B4EA22003EA8CD /* PBXTargetDependency */,
			);
			name = ReadingHeadlinesTests;
			productName = ReadingHeadlinesTests;
			productReference = 4ED6869F21B4EA22003EA8CD /* ReadingHeadlinesTests.xctest */;
			productType = "com.apple.product-type.bundle.unit-test";
		};
		4ED686A921B4EA22003EA8CD /* ReadingHeadlinesUITests */ = {
			isa = PBXNativeTarget;
			buildConfigurationList = 4ED686B921B4EA22003EA8CD /* Build configuration list for PBXNativeTarget "ReadingHeadlinesUITests" */;
			buildPhases = (
				80B313B712845FFEEF50B33F /* [CP] Check Pods Manifest.lock */,
				4ED686A621B4EA22003EA8CD /* Sources */,
				4ED686A721B4EA22003EA8CD /* Frameworks */,
				4ED686A821B4EA22003EA8CD /* Resources */,
			);
			buildRules = (
			);
			dependencies = (
				4ED686AC21B4EA22003EA8CD /* PBXTargetDependency */,
			);
			name = ReadingHeadlinesUITests;
			productName = ReadingHeadlinesUITests;
			productReference = 4ED686AA21B4EA22003EA8CD /* ReadingHeadlinesUITests.xctest */;
			productType = "com.apple.product-type.bundle.ui-testing";
		};
/* End PBXNativeTarget section */

/* Begin PBXProject section */
		4ED6868321B4EA21003EA8CD /* Project object */ = {
			isa = PBXProject;
			attributes = {
				LastSwiftUpdateCheck = 1010;
				LastUpgradeCheck = 1010;
				ORGANIZATIONNAME = freakytune;
				TargetAttributes = {
					4ED6868A21B4EA21003EA8CD = {
						CreatedOnToolsVersion = 10.1;
					};
					4ED6869E21B4EA22003EA8CD = {
						CreatedOnToolsVersion = 10.1;
						TestTargetID = 4ED6868A21B4EA21003EA8CD;
					};
					4ED686A921B4EA22003EA8CD = {
						CreatedOnToolsVersion = 10.1;
						TestTargetID = 4ED6868A21B4EA21003EA8CD;
					};
				};
			};
			buildConfigurationList = 4ED6868621B4EA21003EA8CD /* Build configuration list for PBXProject "ReadingHeadlines" */;
			compatibilityVersion = "Xcode 9.3";
			developmentRegion = en;
			hasScannedForEncodings = 0;
			knownRegions = (
				en,
				Base,
			);
			mainGroup = 4ED6868221B4EA21003EA8CD;
			productRefGroup = 4ED6868C21B4EA21003EA8CD /* Products */;
			projectDirPath = "";
			projectRoot = "";
			targets = (
				4ED6868A21B4EA21003EA8CD /* ReadingHeadlines */,
				4ED6869E21B4EA22003EA8CD /* ReadingHeadlinesTests */,
				4ED686A921B4EA22003EA8CD /* ReadingHeadlinesUITests */,
			);
		};
/* End PBXProject section */

/* Begin PBXResourcesBuildPhase section */
		4ED6868921B4EA21003EA8CD /* Resources */ = {
			isa = PBXResourcesBuildPhase;
			buildActionMask = 2147483647;
			files = (
				4ED6869921B4EA22003EA8CD /* LaunchScreen.storyboard in Resources */,
				4ED6869621B4EA22003EA8CD /* Assets.xcassets in Resources */,
				4ED6869421B4EA21003EA8CD /* Main.storyboard in Resources */,
			);
			runOnlyForDeploymentPostprocessing = 0;
		};
		4ED6869D21B4EA22003EA8CD /* Resources */ = {
			isa = PBXResourcesBuildPhase;
			buildActionMask = 2147483647;
			files = (
			);
			runOnlyForDeploymentPostprocessing = 0;
		};
		4ED686A821B4EA22003EA8CD /* Resources */ = {
			isa = PBXResourcesBuildPhase;
			buildActionMask = 2147483647;
			files = (
			);
			runOnlyForDeploymentPostprocessing = 0;
		};
/* End PBXResourcesBuildPhase section */

/* Begin PBXShellScriptBuildPhase section */
		03173917536095A45096B3A7 /* [CP] Check Pods Manifest.lock */ = {
			isa = PBXShellScriptBuildPhase;
			buildActionMask = 2147483647;
			files = (
			);
			inputFileListPaths = (
			);
			inputPaths = (
				"${PODS_PODFILE_DIR_PATH}/Podfile.lock",
				"${PODS_ROOT}/Manifest.lock",
			);
			name = "[CP] Check Pods Manifest.lock";
			outputFileListPaths = (
			);
			outputPaths = (
				"$(DERIVED_FILE_DIR)/Pods-ReadingHeadlines-checkManifestLockResult.txt",
			);
			runOnlyForDeploymentPostprocessing = 0;
			shellPath = /bin/sh;
			shellScript = "diff \"${PODS_PODFILE_DIR_PATH}/Podfile.lock\" \"${PODS_ROOT}/Manifest.lock\" > /dev/null\nif [ $? != 0 ] ; then\n    # print error to STDERR\n    echo \"error: The sandbox is not in sync with the Podfile.lock. Run 'pod install' or update your CocoaPods installation.\" >&2\n    exit 1\nfi\n# This output is used by Xcode 'outputs' to avoid re-running this script phase.\necho \"SUCCESS\" > \"${SCRIPT_OUTPUT_FILE_0}\"\n";
			showEnvVarsInLog = 0;
		};
		80B313B712845FFEEF50B33F /* [CP] Check Pods Manifest.lock */ = {
			isa = PBXShellScriptBuildPhase;
			buildActionMask = 2147483647;
			files = (
			);
			inputFileListPaths = (
			);
			inputPaths = (
				"${PODS_PODFILE_DIR_PATH}/Podfile.lock",
				"${PODS_ROOT}/Manifest.lock",
			);
			name = "[CP] Check Pods Manifest.lock";
			outputFileListPaths = (
			);
			outputPaths = (
				"$(DERIVED_FILE_DIR)/Pods-ReadingHeadlinesUITests-checkManifestLockResult.txt",
			);
			runOnlyForDeploymentPostprocessing = 0;
			shellPath = /bin/sh;
			shellScript = "diff \"${PODS_PODFILE_DIR_PATH}/Podfile.lock\" \"${PODS_ROOT}/Manifest.lock\" > /dev/null\nif [ $? != 0 ] ; then\n    # print error to STDERR\n    echo \"error: The sandbox is not in sync with the Podfile.lock. Run 'pod install' or update your CocoaPods installation.\" >&2\n    exit 1\nfi\n# This output is used by Xcode 'outputs' to avoid re-running this script phase.\necho \"SUCCESS\" > \"${SCRIPT_OUTPUT_FILE_0}\"\n";
			showEnvVarsInLog = 0;
		};
		F40DEF147E84344AB7457825 /* [CP] Check Pods Manifest.lock */ = {
			isa = PBXShellScriptBuildPhase;
			buildActionMask = 2147483647;
			files = (
			);
			inputFileListPaths = (
			);
			inputPaths = (
				"${PODS_PODFILE_DIR_PATH}/Podfile.lock",
				"${PODS_ROOT}/Manifest.lock",
			);
			name = "[CP] Check Pods Manifest.lock";
			outputFileListPaths = (
			);
			outputPaths = (
				"$(DERIVED_FILE_DIR)/Pods-ReadingHeadlinesTests-checkManifestLockResult.txt",
			);
			runOnlyForDeploymentPostprocessing = 0;
			shellPath = /bin/sh;
			shellScript = "diff \"${PODS_PODFILE_DIR_PATH}/Podfile.lock\" \"${PODS_ROOT}/Manifest.lock\" > /dev/null\nif [ $? != 0 ] ; then\n    # print error to STDERR\n    echo \"error: The sandbox is not in sync with the Podfile.lock. Run 'pod install' or update your CocoaPods installation.\" >&2\n    exit 1\nfi\n# This output is used by Xcode 'outputs' to avoid re-running this script phase.\necho \"SUCCESS\" > \"${SCRIPT_OUTPUT_FILE_0}\"\n";
			showEnvVarsInLog = 0;
		};
/* End PBXShellScriptBuildPhase section */

/* Begin PBXSourcesBuildPhase section */
		4ED6868721B4EA21003EA8CD /* Sources */ = {
			isa = PBXSourcesBuildPhase;
			buildActionMask = 2147483647;
			files = (
				4ED6869121B4EA21003EA8CD /* FeedsViewController.swift in Sources */,
				4EA2447A21B6AEB5005165CC /* NewsItem.swift in Sources */,
				4EA2447821B6A68B005165CC /* WebViewController.swift in Sources */,
				4ED6868F21B4EA21003EA8CD /* AppDelegate.swift in Sources */,
				4E640A4021EC5D04009BFFC0 /* FavoriteViewController.swift in Sources */,
				4EAC8AF521B9103D00D66348 /* RSSParserDelegate.swift in Sources */,
				4E524B3521E88CCC0057DBB6 /* FeedCell.swift in Sources */,
				4E11FDFD21EC3B16008728CA /* DataModel.xcdatamodeld in Sources */,
				4EA2447C21B6B041005165CC /* NewsItemStore.swift in Sources */,
				4EF3256C21F43FEF00647A08 /* CombineViewController.swift in Sources */,
				4ED9AFE221BE57F000FE1AD1 /* ReadingViewController.swift in Sources */,
			);
			runOnlyForDeploymentPostprocessing = 0;
		};
		4ED6869B21B4EA22003EA8CD /* Sources */ = {
			isa = PBXSourcesBuildPhase;
			buildActionMask = 2147483647;
			files = (
				4ED686A421B4EA22003EA8CD /* ReadingHeadlinesTests.swift in Sources */,
			);
			runOnlyForDeploymentPostprocessing = 0;
		};
		4ED686A621B4EA22003EA8CD /* Sources */ = {
			isa = PBXSourcesBuildPhase;
			buildActionMask = 2147483647;
			files = (
				4ED686AF21B4EA22003EA8CD /* ReadingHeadlinesUITests.swift in Sources */,
			);
			runOnlyForDeploymentPostprocessing = 0;
		};
/* End PBXSourcesBuildPhase section */

/* Begin PBXTargetDependency section */
		4ED686A121B4EA22003EA8CD /* PBXTargetDependency */ = {
			isa = PBXTargetDependency;
			target = 4ED6868A21B4EA21003EA8CD /* ReadingHeadlines */;
			targetProxy = 4ED686A021B4EA22003EA8CD /* PBXContainerItemProxy */;
		};
		4ED686AC21B4EA22003EA8CD /* PBXTargetDependency */ = {
			isa = PBXTargetDependency;
			target = 4ED6868A21B4EA21003EA8CD /* ReadingHeadlines */;
			targetProxy = 4ED686AB21B4EA22003EA8CD /* PBXContainerItemProxy */;
		};
/* End PBXTargetDependency section */

/* Begin PBXVariantGroup section */
		4ED6869221B4EA21003EA8CD /* Main.storyboard */ = {
			isa = PBXVariantGroup;
			children = (
				4ED6869321B4EA21003EA8CD /* Base */,
			);
			name = Main.storyboard;
			sourceTree = "<group>";
		};
		4ED6869721B4EA22003EA8CD /* LaunchScreen.storyboard */ = {
			isa = PBXVariantGroup;
			children = (
				4ED6869821B4EA22003EA8CD /* Base */,
			);
			name = LaunchScreen.storyboard;
			sourceTree = "<group>";
		};
/* End PBXVariantGroup section */

/* Begin XCBuildConfiguration section */
		4ED686B121B4EA22003EA8CD /* Debug */ = {
			isa = XCBuildConfiguration;
			buildSettings = {
				ALWAYS_SEARCH_USER_PATHS = NO;
				CLANG_ANALYZER_NONNULL = YES;
				CLANG_ANALYZER_NUMBER_OBJECT_CONVERSION = YES_AGGRESSIVE;
				CLANG_CXX_LANGUAGE_STANDARD = "gnu++14";
				CLANG_CXX_LIBRARY = "libc++";
				CLANG_ENABLE_MODULES = YES;
				CLANG_ENABLE_OBJC_ARC = YES;
				CLANG_ENABLE_OBJC_WEAK = YES;
				CLANG_WARN_BLOCK_CAPTURE_AUTORELEASING = YES;
				CLANG_WARN_BOOL_CONVERSION = YES;
				CLANG_WARN_COMMA = YES;
				CLANG_WARN_CONSTANT_CONVERSION = YES;
				CLANG_WARN_DEPRECATED_OBJC_IMPLEMENTATIONS = YES;
				CLANG_WARN_DIRECT_OBJC_ISA_USAGE = YES_ERROR;
				CLANG_WARN_DOCUMENTATION_COMMENTS = YES;
				CLANG_WARN_EMPTY_BODY = YES;
				CLANG_WARN_ENUM_CONVERSION = YES;
				CLANG_WARN_INFINITE_RECURSION = YES;
				CLANG_WARN_INT_CONVERSION = YES;
				CLANG_WARN_NON_LITERAL_NULL_CONVERSION = YES;
				CLANG_WARN_OBJC_IMPLICIT_RETAIN_SELF = YES;
				CLANG_WARN_OBJC_LITERAL_CONVERSION = YES;
				CLANG_WARN_OBJC_ROOT_CLASS = YES_ERROR;
				CLANG_WARN_RANGE_LOOP_ANALYSIS = YES;
				CLANG_WARN_STRICT_PROTOTYPES = YES;
				CLANG_WARN_SUSPICIOUS_MOVE = YES;
				CLANG_WARN_UNGUARDED_AVAILABILITY = YES_AGGRESSIVE;
				CLANG_WARN_UNREACHABLE_CODE = YES;
				CLANG_WARN__DUPLICATE_METHOD_MATCH = YES;
				CODE_SIGN_IDENTITY = "iPhone Developer";
				COPY_PHASE_STRIP = NO;
				DEBUG_INFORMATION_FORMAT = dwarf;
				ENABLE_STRICT_OBJC_MSGSEND = YES;
				ENABLE_TESTABILITY = YES;
				GCC_C_LANGUAGE_STANDARD = gnu11;
				GCC_DYNAMIC_NO_PIC = NO;
				GCC_NO_COMMON_BLOCKS = YES;
				GCC_OPTIMIZATION_LEVEL = 0;
				GCC_PREPROCESSOR_DEFINITIONS = (
					"DEBUG=1",
					"$(inherited)",
				);
				GCC_WARN_64_TO_32_BIT_CONVERSION = YES;
				GCC_WARN_ABOUT_RETURN_TYPE = YES_ERROR;
				GCC_WARN_UNDECLARED_SELECTOR = YES;
				GCC_WARN_UNINITIALIZED_AUTOS = YES_AGGRESSIVE;
				GCC_WARN_UNUSED_FUNCTION = YES;
				GCC_WARN_UNUSED_VARIABLE = YES;
				IPHONEOS_DEPLOYMENT_TARGET = 12.1;
				MTL_ENABLE_DEBUG_INFO = INCLUDE_SOURCE;
				MTL_FAST_MATH = YES;
				ONLY_ACTIVE_ARCH = YES;
				SDKROOT = iphoneos;
				SWIFT_ACTIVE_COMPILATION_CONDITIONS = DEBUG;
				SWIFT_OPTIMIZATION_LEVEL = "-Onone";
			};
			name = Debug;
		};
		4ED686B221B4EA22003EA8CD /* Release */ = {
			isa = XCBuildConfiguration;
			buildSettings = {
				ALWAYS_SEARCH_USER_PATHS = NO;
				CLANG_ANALYZER_NONNULL = YES;
				CLANG_ANALYZER_NUMBER_OBJECT_CONVERSION = YES_AGGRESSIVE;
				CLANG_CXX_LANGUAGE_STANDARD = "gnu++14";
				CLANG_CXX_LIBRARY = "libc++";
				CLANG_ENABLE_MODULES = YES;
				CLANG_ENABLE_OBJC_ARC = YES;
				CLANG_ENABLE_OBJC_WEAK = YES;
				CLANG_WARN_BLOCK_CAPTURE_AUTORELEASING = YES;
				CLANG_WARN_BOOL_CONVERSION = YES;
				CLANG_WARN_COMMA = YES;
				CLANG_WARN_CONSTANT_CONVERSION = YES;
				CLANG_WARN_DEPRECATED_OBJC_IMPLEMENTATIONS = YES;
				CLANG_WARN_DIRECT_OBJC_ISA_USAGE = YES_ERROR;
				CLANG_WARN_DOCUMENTATION_COMMENTS = YES;
				CLANG_WARN_EMPTY_BODY = YES;
				CLANG_WARN_ENUM_CONVERSION = YES;
				CLANG_WARN_INFINITE_RECURSION = YES;
				CLANG_WARN_INT_CONVERSION = YES;
				CLANG_WARN_NON_LITERAL_NULL_CONVERSION = YES;
				CLANG_WARN_OBJC_IMPLICIT_RETAIN_SELF = YES;
				CLANG_WARN_OBJC_LITERAL_CONVERSION = YES;
				CLANG_WARN_OBJC_ROOT_CLASS = YES_ERROR;
				CLANG_WARN_RANGE_LOOP_ANALYSIS = YES;
				CLANG_WARN_STRICT_PROTOTYPES = YES;
				CLANG_WARN_SUSPICIOUS_MOVE = YES;
				CLANG_WARN_UNGUARDED_AVAILABILITY = YES_AGGRESSIVE;
				CLANG_WARN_UNREACHABLE_CODE = YES;
				CLANG_WARN__DUPLICATE_METHOD_MATCH = YES;
				CODE_SIGN_IDENTITY = "iPhone Developer";
				COPY_PHASE_STRIP = NO;
				DEBUG_INFORMATION_FORMAT = "dwarf-with-dsym";
				ENABLE_NS_ASSERTIONS = NO;
				ENABLE_STRICT_OBJC_MSGSEND = YES;
				GCC_C_LANGUAGE_STANDARD = gnu11;
				GCC_NO_COMMON_BLOCKS = YES;
				GCC_WARN_64_TO_32_BIT_CONVERSION = YES;
				GCC_WARN_ABOUT_RETURN_TYPE = YES_ERROR;
				GCC_WARN_UNDECLARED_SELECTOR = YES;
				GCC_WARN_UNINITIALIZED_AUTOS = YES_AGGRESSIVE;
				GCC_WARN_UNUSED_FUNCTION = YES;
				GCC_WARN_UNUSED_VARIABLE = YES;
				IPHONEOS_DEPLOYMENT_TARGET = 12.1;
				MTL_ENABLE_DEBUG_INFO = NO;
				MTL_FAST_MATH = YES;
				SDKROOT = iphoneos;
				SWIFT_COMPILATION_MODE = wholemodule;
				SWIFT_OPTIMIZATION_LEVEL = "-O";
				VALIDATE_PRODUCT = YES;
			};
			name = Release;
		};
		4ED686B421B4EA22003EA8CD /* Debug */ = {
			isa = XCBuildConfiguration;
			baseConfigurationReference = 1871F2EFC2908DBEF9D9B313 /* Pods-ReadingHeadlines.debug.xcconfig */;
			buildSettings = {
				ASSETCATALOG_COMPILER_APPICON_NAME = AppIcon;
				CODE_SIGN_STYLE = Automatic;
				DEVELOPMENT_TEAM = "";
				INFOPLIST_FILE = ReadingHeadlines/Info.plist;
				LD_RUNPATH_SEARCH_PATHS = (
					"$(inherited)",
					"@executable_path/Frameworks",
				);
				PRODUCT_BUNDLE_IDENTIFIER = com.bignerdranch.ReadingHeadlines;
				PRODUCT_NAME = "$(TARGET_NAME)";
				SWIFT_VERSION = 4.2;
				TARGETED_DEVICE_FAMILY = "1,2";
			};
			name = Debug;
		};
		4ED686B521B4EA22003EA8CD /* Release */ = {
			isa = XCBuildConfiguration;
			baseConfigurationReference = 2E2B64038FFA10BD18349935 /* Pods-ReadingHeadlines.release.xcconfig */;
			buildSettings = {
				ASSETCATALOG_COMPILER_APPICON_NAME = AppIcon;
				CODE_SIGN_STYLE = Automatic;
				DEVELOPMENT_TEAM = "";
				INFOPLIST_FILE = ReadingHeadlines/Info.plist;
				LD_RUNPATH_SEARCH_PATHS = (
					"$(inherited)",
					"@executable_path/Frameworks",
				);
				PRODUCT_BUNDLE_IDENTIFIER = com.bignerdranch.ReadingHeadlines;
				PRODUCT_NAME = "$(TARGET_NAME)";
				SWIFT_VERSION = 4.2;
				TARGETED_DEVICE_FAMILY = "1,2";
			};
			name = Release;
		};
		4ED686B721B4EA22003EA8CD /* Debug */ = {
			isa = XCBuildConfiguration;
			baseConfigurationReference = C2754583A6C3A7FE3A5F6317 /* Pods-ReadingHeadlinesTests.debug.xcconfig */;
			buildSettings = {
				ALWAYS_EMBED_SWIFT_STANDARD_LIBRARIES = YES;
				BUNDLE_LOADER = "$(TEST_HOST)";
				CODE_SIGN_STYLE = Automatic;
				INFOPLIST_FILE = ReadingHeadlinesTests/Info.plist;
				LD_RUNPATH_SEARCH_PATHS = (
					"$(inherited)",
					"@executable_path/Frameworks",
					"@loader_path/Frameworks",
				);
				PRODUCT_BUNDLE_IDENTIFIER = com.bignerdranch.ReadingHeadlinesTests;
				PRODUCT_NAME = "$(TARGET_NAME)";
				SWIFT_VERSION = 4.2;
				TARGETED_DEVICE_FAMILY = "1,2";
				TEST_HOST = "$(BUILT_PRODUCTS_DIR)/ReadingHeadlines.app/ReadingHeadlines";
			};
			name = Debug;
		};
		4ED686B821B4EA22003EA8CD /* Release */ = {
			isa = XCBuildConfiguration;
			baseConfigurationReference = E6FD4F961D2E9DE663E0D461 /* Pods-ReadingHeadlinesTests.release.xcconfig */;
			buildSettings = {
				ALWAYS_EMBED_SWIFT_STANDARD_LIBRARIES = YES;
				BUNDLE_LOADER = "$(TEST_HOST)";
				CODE_SIGN_STYLE = Automatic;
				INFOPLIST_FILE = ReadingHeadlinesTests/Info.plist;
				LD_RUNPATH_SEARCH_PATHS = (
					"$(inherited)",
					"@executable_path/Frameworks",
					"@loader_path/Frameworks",
				);
				PRODUCT_BUNDLE_IDENTIFIER = com.bignerdranch.ReadingHeadlinesTests;
				PRODUCT_NAME = "$(TARGET_NAME)";
				SWIFT_VERSION = 4.2;
				TARGETED_DEVICE_FAMILY = "1,2";
				TEST_HOST = "$(BUILT_PRODUCTS_DIR)/ReadingHeadlines.app/ReadingHeadlines";
			};
			name = Release;
		};
		4ED686BA21B4EA22003EA8CD /* Debug */ = {
			isa = XCBuildConfiguration;
			baseConfigurationReference = A40287998DC505E046CB940A /* Pods-ReadingHeadlinesUITests.debug.xcconfig */;
			buildSettings = {
				ALWAYS_EMBED_SWIFT_STANDARD_LIBRARIES = YES;
				CODE_SIGN_STYLE = Automatic;
				INFOPLIST_FILE = ReadingHeadlinesUITests/Info.plist;
				LD_RUNPATH_SEARCH_PATHS = (
					"$(inherited)",
					"@executable_path/Frameworks",
					"@loader_path/Frameworks",
				);
				PRODUCT_BUNDLE_IDENTIFIER = com.bignerdranch.ReadingHeadlinesUITests;
				PRODUCT_NAME = "$(TARGET_NAME)";
				SWIFT_VERSION = 4.2;
				TARGETED_DEVICE_FAMILY = "1,2";
				TEST_TARGET_NAME = ReadingHeadlines;
			};
			name = Debug;
		};
		4ED686BB21B4EA22003EA8CD /* Release */ = {
			isa = XCBuildConfiguration;
			baseConfigurationReference = DE530DA20A81C2ED4EA6F964 /* Pods-ReadingHeadlinesUITests.release.xcconfig */;
			buildSettings = {
				ALWAYS_EMBED_SWIFT_STANDARD_LIBRARIES = YES;
				CODE_SIGN_STYLE = Automatic;
				INFOPLIST_FILE = ReadingHeadlinesUITests/Info.plist;
				LD_RUNPATH_SEARCH_PATHS = (
					"$(inherited)",
					"@executable_path/Frameworks",
					"@loader_path/Frameworks",
				);
				PRODUCT_BUNDLE_IDENTIFIER = com.bignerdranch.ReadingHeadlinesUITests;
				PRODUCT_NAME = "$(TARGET_NAME)";
				SWIFT_VERSION = 4.2;
				TARGETED_DEVICE_FAMILY = "1,2";
				TEST_TARGET_NAME = ReadingHeadlines;
			};
			name = Release;
		};
/* End XCBuildConfiguration section */

/* Begin XCConfigurationList section */
		4ED6868621B4EA21003EA8CD /* Build configuration list for PBXProject "ReadingHeadlines" */ = {
			isa = XCConfigurationList;
			buildConfigurations = (
				4ED686B121B4EA22003EA8CD /* Debug */,
				4ED686B221B4EA22003EA8CD /* Release */,
			);
			defaultConfigurationIsVisible = 0;
			defaultConfigurationName = Release;
		};
		4ED686B321B4EA22003EA8CD /* Build configuration list for PBXNativeTarget "ReadingHeadlines" */ = {
			isa = XCConfigurationList;
			buildConfigurations = (
				4ED686B421B4EA22003EA8CD /* Debug */,
				4ED686B521B4EA22003EA8CD /* Release */,
			);
			defaultConfigurationIsVisible = 0;
			defaultConfigurationName = Release;
		};
		4ED686B621B4EA22003EA8CD /* Build configuration list for PBXNativeTarget "ReadingHeadlinesTests" */ = {
			isa = XCConfigurationList;
			buildConfigurations = (
				4ED686B721B4EA22003EA8CD /* Debug */,
				4ED686B821B4EA22003EA8CD /* Release */,
			);
			defaultConfigurationIsVisible = 0;
			defaultConfigurationName = Release;
		};
		4ED686B921B4EA22003EA8CD /* Build configuration list for PBXNativeTarget "ReadingHeadlinesUITests" */ = {
			isa = XCConfigurationList;
			buildConfigurations = (
				4ED686BA21B4EA22003EA8CD /* Debug */,
				4ED686BB21B4EA22003EA8CD /* Release */,
			);
			defaultConfigurationIsVisible = 0;
			defaultConfigurationName = Release;
		};
/* End XCConfigurationList section */

/* Begin XCVersionGroup section */
		4E11FDFB21EC3B16008728CA /* DataModel.xcdatamodeld */ = {
			isa = XCVersionGroup;
			children = (
				4E11FDFC21EC3B16008728CA /* DataModel.xcdatamodel */,
			);
			currentVersion = 4E11FDFC21EC3B16008728CA /* DataModel.xcdatamodel */;
			path = DataModel.xcdatamodeld;
			sourceTree = "<group>";
			versionGroupType = wrapper.xcdatamodel;
		};
/* End XCVersionGroup section */
	};
	rootObject = 4ED6868321B4EA21003EA8CD /* Project object */;
}
